
Microsoft Visual Studio Solution File, Format Version 12.00
# Visual Studio Version 17
VisualStudioVersion = 17.6.33829.357
MinimumVisualStudioVersion = 10.0.40219.1
Project("{FAE04EC0-301F-11D3-BF4B-00C04F79EFBC}") = "ProductXamarin.UWP", "ProductXamarin.UWP\ProductXamarin.UWP.csproj", "{ADD5A15F-AB41-41F9-9C15-D180E61B7FF1}"
EndProject
Project("{FAE04EC0-301F-11D3-BF4B-00C04F79EFBC}") = "ProductXamarin.Android", "ProductXamarin.Android\ProductXamarin.Android.csproj", "{697F44F2-E8DB-40EB-BE59-FEDAA9DE743A}"
EndProject
Project("{FAE04EC0-301F-11D3-BF4B-00C04F79EFBC}") = "ProductXamarin.iOS", "ProductXamarin.iOS\ProductXamarin.iOS.csproj", "{9B671257-FEF5-4CAD-8D6F-FA4188214AF5}"
EndProject
Project("{FAE04EC0-301F-11D3-BF4B-00C04F79EFBC}") = "ProductXamarin", "ProductXamarin\ProductXamarin.csproj", "{AF244F9E-9D26-412C-82CE-1F9908EE8722}"
EndProject
Global
	GlobalSection(SolutionConfigurationPlatforms) = preSolution
		Debug|Any CPU = Debug|Any CPU
		Debug|ARM = Debug|ARM
		Debug|iPhone = Debug|iPhone
		Debug|iPhoneSimulator = Debug|iPhoneSimulator
		Debug|x64 = Debug|x64
		Debug|x86 = Debug|x86
		Release|Any CPU = Release|Any CPU
		Release|ARM = Release|ARM
		Release|iPhone = Release|iPhone
		Release|iPhoneSimulator = Release|iPhoneSimulator
		Release|x64 = Release|x64
		Release|x86 = Release|x86
	EndGlobalSection
	GlobalSection(ProjectConfigurationPlatforms) = postSolution
		{ADD5A15F-AB41-41F9-9C15-D180E61B7FF1}.Debug|Any CPU.ActiveCfg = Debug|x64
		{ADD5A15F-AB41-41F9-9C15-D180E61B7FF1}.Debug|Any CPU.Build.0 = Debug|x64
		{ADD5A15F-AB41-41F9-9C15-D180E61B7FF1}.Debug|Any CPU.Deploy.0 = Debug|x64
		{ADD5A15F-AB41-41F9-9C15-D180E61B7FF1}.Debug|ARM.ActiveCfg = Debug|ARM
		{ADD5A15F-AB41-41F9-9C15-D180E61B7FF1}.Debug|ARM.Build.0 = Debug|ARM
		{ADD5A15F-AB41-41F9-9C15-D180E61B7FF1}.Debug|ARM.Deploy.0 = Debug|ARM
		{ADD5A15F-AB41-41F9-9C15-D180E61B7FF1}.Debug|iPhone.ActiveCfg = Debug|x64
		{ADD5A15F-AB41-41F9-9C15-D180E61B7FF1}.Debug|iPhone.Build.0 = Debug|x64
		{ADD5A15F-AB41-41F9-9C15-D180E61B7FF1}.Debug|iPhone.Deploy.0 = Debug|x64
		{ADD5A15F-AB41-41F9-9C15-D180E61B7FF1}.Debug|iPhoneSimulator.ActiveCfg = Debug|x64
		{ADD5A15F-AB41-41F9-9C15-D180E61B7FF1}.Debug|iPhoneSimulator.Build.0 = Debug|x64
		{ADD5A15F-AB41-41F9-9C15-D180E61B7FF1}.Debug|iPhoneSimulator.Deploy.0 = Debug|x64
		{ADD5A15F-AB41-41F9-9C15-D180E61B7FF1}.Debug|x64.ActiveCfg = Debug|x64
		{ADD5A15F-AB41-41F9-9C15-D180E61B7FF1}.Debug|x64.Build.0 = Debug|x64
		{ADD5A15F-AB41-41F9-9C15-D180E61B7FF1}.Debug|x64.Deploy.0 = Debug|x64
		{ADD5A15F-AB41-41F9-9C15-D180E61B7FF1}.Debug|x86.ActiveCfg = Debug|x86
		{ADD5A15F-AB41-41F9-9C15-D180E61B7FF1}.Debug|x86.Build.0 = Debug|x86
		{ADD5A15F-AB41-41F9-9C15-D180E61B7FF1}.Debug|x86.Deploy.0 = Debug|x86
		{ADD5A15F-AB41-41F9-9C15-D180E61B7FF1}.Release|Any CPU.ActiveCfg = Release|x64
		{ADD5A15F-AB41-41F9-9C15-D180E61B7FF1}.Release|Any CPU.Build.0 = Release|x64
		{ADD5A15F-AB41-41F9-9C15-D180E61B7FF1}.Release|Any CPU.Deploy.0 = Release|x64
		{ADD5A15F-AB41-41F9-9C15-D180E61B7FF1}.Release|ARM.ActiveCfg = Release|ARM
		{ADD5A15F-AB41-41F9-9C15-D180E61B7FF1}.Release|ARM.Build.0 = Release|ARM
		{ADD5A15F-AB41-41F9-9C15-D180E61B7FF1}.Release|ARM.Deploy.0 = Release|ARM
		{ADD5A15F-AB41-41F9-9C15-D180E61B7FF1}.Release|iPhone.ActiveCfg = Release|x64
		{ADD5A15F-AB41-41F9-9C15-D180E61B7FF1}.Release|iPhone.Build.0 = Release|x64
		{ADD5A15F-AB41-41F9-9C15-D180E61B7FF1}.Release|iPhone.Deploy.0 = Release|x64
		{ADD5A15F-AB41-41F9-9C15-D180E61B7FF1}.Release|iPhoneSimulator.ActiveCfg = Release|x64
		{ADD5A15F-AB41-41F9-9C15-D180E61B7FF1}.Release|iPhoneSimulator.Build.0 = Release|x64
		{ADD5A15F-AB41-41F9-9C15-D180E61B7FF1}.Release|iPhoneSimulator.Deploy.0 = Release|x64
		{ADD5A15F-AB41-41F9-9C15-D180E61B7FF1}.Release|x64.ActiveCfg = Release|x64
		{ADD5A15F-AB41-41F9-9C15-D180E61B7FF1}.Release|x64.Build.0 = Release|x64
		{ADD5A15F-AB41-41F9-9C15-D180E61B7FF1}.Release|x64.Deploy.0 = Release|x64
		{ADD5A15F-AB41-41F9-9C15-D180E61B7FF1}.Release|x86.ActiveCfg = Release|x86
		{ADD5A15F-AB41-41F9-9C15-D180E61B7FF1}.Release|x86.Build.0 = Release|x86
		{ADD5A15F-AB41-41F9-9C15-D180E61B7FF1}.Release|x86.Deploy.0 = Release|x86
		{697F44F2-E8DB-40EB-BE59-FEDAA9DE743A}.Debug|Any CPU.ActiveCfg = Debug|Any CPU
		{697F44F2-E8DB-40EB-BE59-FEDAA9DE743A}.Debug|Any CPU.Build.0 = Debug|Any CPU
		{697F44F2-E8DB-40EB-BE59-FEDAA9DE743A}.Debug|Any CPU.Deploy.0 = Debug|Any CPU
		{697F44F2-E8DB-40EB-BE59-FEDAA9DE743A}.Debug|ARM.ActiveCfg = Debug|Any CPU
		{697F44F2-E8DB-40EB-BE59-FEDAA9DE743A}.Debug|ARM.Build.0 = Debug|Any CPU
		{697F44F2-E8DB-40EB-BE59-FEDAA9DE743A}.Debug|ARM.Deploy.0 = Debug|Any CPU
		{697F44F2-E8DB-40EB-BE59-FEDAA9DE743A}.Debug|iPhone.ActiveCfg = Debug|Any CPU
		{697F44F2-E8DB-40EB-BE59-FEDAA9DE743A}.Debug|iPhone.Build.0 = Debug|Any CPU
		{697F44F2-E8DB-40EB-BE59-FEDAA9DE743A}.Debug|iPhone.Deploy.0 = Debug|Any CPU
		{697F44F2-E8DB-40EB-BE59-FEDAA9DE743A}.Debug|iPhoneSimulator.ActiveCfg = Debug|Any CPU
		{697F44F2-E8DB-40EB-BE59-FEDAA9DE743A}.Debug|iPhoneSimulator.Build.0 = Debug|Any CPU
		{697F44F2-E8DB-40EB-BE59-FEDAA9DE743A}.Debug|iPhoneSimulator.Deploy.0 = Debug|Any CPU
		{697F44F2-E8DB-40EB-BE59-FEDAA9DE743A}.Debug|x64.ActiveCfg = Debug|Any CPU
		{697F44F2-E8DB-40EB-BE59-FEDAA9DE743A}.Debug|x64.Build.0 = Debug|Any CPU
		{697F44F2-E8DB-40EB-BE59-FEDAA9DE743A}.Debug|x64.Deploy.0 = Debug|Any CPU
		{697F44F2-E8DB-40EB-BE59-FEDAA9DE743A}.Debug|x86.ActiveCfg = Debug|Any CPU
		{697F44F2-E8DB-40EB-BE59-FEDAA9DE743A}.Debug|x86.Build.0 = Debug|Any CPU
		{697F44F2-E8DB-40EB-BE59-FEDAA9DE743A}.Debug|x86.Deploy.0 = Debug|Any CPU
		{697F44F2-E8DB-40EB-BE59-FEDAA9DE743A}.Release|Any CPU.ActiveCfg = Release|Any CPU
		{697F44F2-E8DB-40EB-BE59-FEDAA9DE743A}.Release|Any CPU.Build.0 = Release|Any CPU
		{697F44F2-E8DB-40EB-BE59-FEDAA9DE743A}.Release|Any CPU.Deploy.0 = Release|Any CPU
		{697F44F2-E8DB-40EB-BE59-FEDAA9DE743A}.Release|ARM.ActiveCfg = Release|Any CPU
		{697F44F2-E8DB-40EB-BE59-FEDAA9DE743A}.Release|ARM.Build.0 = Release|Any CPU
		{697F44F2-E8DB-40EB-BE59-FEDAA9DE743A}.Release|ARM.Deploy.0 = Release|Any CPU
		{697F44F2-E8DB-40EB-BE59-FEDAA9DE743A}.Release|iPhone.ActiveCfg = Release|Any CPU
		{697F44F2-E8DB-40EB-BE59-FEDAA9DE743A}.Release|iPhone.Build.0 = Release|Any CPU
		{697F44F2-E8DB-40EB-BE59-FEDAA9DE743A}.Release|iPhone.Deploy.0 = Release|Any CPU
		{697F44F2-E8DB-40EB-BE59-FEDAA9DE743A}.Release|iPhoneSimulator.ActiveCfg = Release|Any CPU
		{697F44F2-E8DB-40EB-BE59-FEDAA9DE743A}.Release|iPhoneSimulator.Build.0 = Release|Any CPU
		{697F44F2-E8DB-40EB-BE59-FEDAA9DE743A}.Release|iPhoneSimulator.Deploy.0 = Release|Any CPU
		{697F44F2-E8DB-40EB-BE59-FEDAA9DE743A}.Release|x64.ActiveCfg = Release|Any CPU
		{697F44F2-E8DB-40EB-BE59-FEDAA9DE743A}.Release|x64.Build.0 = Release|Any CPU
		{697F44F2-E8DB-40EB-BE59-FEDAA9DE743A}.Release|x64.Deploy.0 = Release|Any CPU
		{697F44F2-E8DB-40EB-BE59-FEDAA9DE743A}.Release|x86.ActiveCfg = Release|Any CPU
		{697F44F2-E8DB-40EB-BE59-FEDAA9DE743A}.Release|x86.Build.0 = Release|Any CPU
		{697F44F2-E8DB-40EB-BE59-FEDAA9DE743A}.Release|x86.Deploy.0 = Release|Any CPU
		{9B671257-FEF5-4CAD-8D6F-FA4188214AF5}.Debug|Any CPU.ActiveCfg = Debug|iPhoneSimulator
		{9B671257-FEF5-4CAD-8D6F-FA4188214AF5}.Debug|Any CPU.Build.0 = Debug|iPhoneSimulator
		{9B671257-FEF5-4CAD-8D6F-FA4188214AF5}.Debug|Any CPU.Deploy.0 = Debug|iPhoneSimulator
		{9B671257-FEF5-4CAD-8D6F-FA4188214AF5}.Debug|ARM.ActiveCfg = Debug|iPhoneSimulator
		{9B671257-FEF5-4CAD-8D6F-FA4188214AF5}.Debug|ARM.Build.0 = Debug|iPhoneSimulator
		{9B671257-FEF5-4CAD-8D6F-FA4188214AF5}.Debug|ARM.Deploy.0 = Debug|iPhoneSimulator
		{9B671257-FEF5-4CAD-8D6F-FA4188214AF5}.Debug|iPhone.ActiveCfg = Debug|iPhone
		{9B671257-FEF5-4CAD-8D6F-FA4188214AF5}.Debug|iPhone.Build.0 = Debug|iPhone
		{9B671257-FEF5-4CAD-8D6F-FA4188214AF5}.Debug|iPhone.Deploy.0 = Debug|iPhone
		{9B671257-FEF5-4CAD-8D6F-FA4188214AF5}.Debug|iPhoneSimulator.ActiveCfg = Debug|iPhoneSimulator
		{9B671257-FEF5-4CAD-8D6F-FA4188214AF5}.Debug|iPhoneSimulator.Build.0 = Debug|iPhoneSimulator
		{9B671257-FEF5-4CAD-8D6F-FA4188214AF5}.Debug|iPhoneSimulator.Deploy.0 = Debug|iPhoneSimulator
		{9B671257-FEF5-4CAD-8D6F-FA4188214AF5}.Debug|x64.ActiveCfg = Debug|iPhone
		{9B671257-FEF5-4CAD-8D6F-FA4188214AF5}.Debug|x64.Build.0 = Debug|iPhone
		{9B671257-FEF5-4CAD-8D6F-FA4188214AF5}.Debug|x64.Deploy.0 = Debug|iPhone
		{9B671257-FEF5-4CAD-8D6F-FA4188214AF5}.Debug|x86.ActiveCfg = Debug|iPhoneSimulator
		{9B671257-FEF5-4CAD-8D6F-FA4188214AF5}.Debug|x86.Build.0 = Debug|iPhoneSimulator
		{9B671257-FEF5-4CAD-8D6F-FA4188214AF5}.Debug|x86.Deploy.0 = Debug|iPhoneSimulator
		{9B671257-FEF5-4CAD-8D6F-FA4188214AF5}.Release|Any CPU.ActiveCfg = Release|iPhoneSimulator
		{9B671257-FEF5-4CAD-8D6F-FA4188214AF5}.Release|Any CPU.Build.0 = Release|iPhoneSimulator
		{9B671257-FEF5-4CAD-8D6F-FA4188214AF5}.Release|Any CPU.Deploy.0 = Release|iPhoneSimulator
		{9B671257-FEF5-4CAD-8D6F-FA4188214AF5}.Release|ARM.ActiveCfg = Release|iPhoneSimulator
		{9B671257-FEF5-4CAD-8D6F-FA4188214AF5}.Release|ARM.Build.0 = Release|iPhoneSimulator
		{9B671257-FEF5-4CAD-8D6F-FA4188214AF5}.Release|ARM.Deploy.0 = Release|iPhoneSimulator
		{9B671257-FEF5-4CAD-8D6F-FA4188214AF5}.Release|iPhone.ActiveCfg = Release|iPhone
		{9B671257-FEF5-4CAD-8D6F-FA4188214AF5}.Release|iPhone.Build.0 = Release|iPhone
		{9B671257-FEF5-4CAD-8D6F-FA4188214AF5}.Release|iPhone.Deploy.0 = Release|iPhone
		{9B671257-FEF5-4CAD-8D6F-FA4188214AF5}.Release|iPhoneSimulator.ActiveCfg = Release|iPhoneSimulator
		{9B671257-FEF5-4CAD-8D6F-FA4188214AF5}.Release|iPhoneSimulator.Build.0 = Release|iPhoneSimulator
		{9B671257-FEF5-4CAD-8D6F-FA4188214AF5}.Release|iPhoneSimulator.Deploy.0 = Release|iPhoneSimulator
		{9B671257-FEF5-4CAD-8D6F-FA4188214AF5}.Release|x64.ActiveCfg = Release|iPhoneSimulator
		{9B671257-FEF5-4CAD-8D6F-FA4188214AF5}.Release|x64.Build.0 = Release|iPhoneSimulator
		{9B671257-FEF5-4CAD-8D6F-FA4188214AF5}.Release|x64.Deploy.0 = Release|iPhoneSimulator
		{9B671257-FEF5-4CAD-8D6F-FA4188214AF5}.Release|x86.ActiveCfg = Release|iPhoneSimulator
		{9B671257-FEF5-4CAD-8D6F-FA4188214AF5}.Release|x86.Build.0 = Release|iPhoneSimulator
		{9B671257-FEF5-4CAD-8D6F-FA4188214AF5}.Release|x86.Deploy.0 = Release|iPhoneSimulator
		{AF244F9E-9D26-412C-82CE-1F9908EE8722}.Debug|Any CPU.ActiveCfg = Debug|Any CPU
		{AF244F9E-9D26-412C-82CE-1F9908EE8722}.Debug|Any CPU.Build.0 = Debug|Any CPU
		{AF244F9E-9D26-412C-82CE-1F9908EE8722}.Debug|Any CPU.Deploy.0 = Debug|Any CPU
		{AF244F9E-9D26-412C-82CE-1F9908EE8722}.Debug|ARM.ActiveCfg = Debug|Any CPU
		{AF244F9E-9D26-412C-82CE-1F9908EE8722}.Debug|ARM.Build.0 = Debug|Any CPU
		{AF244F9E-9D26-412C-82CE-1F9908EE8722}.Debug|ARM.Deploy.0 = Debug|Any CPU
		{AF244F9E-9D26-412C-82CE-1F9908EE8722}.Debug|iPhone.ActiveCfg = Debug|Any CPU
		{AF244F9E-9D26-412C-82CE-1F9908EE8722}.Debug|iPhone.Build.0 = Debug|Any CPU
		{AF244F9E-9D26-412C-82CE-1F9908EE8722}.Debug|iPhone.Deploy.0 = Debug|Any CPU
		{AF244F9E-9D26-412C-82CE-1F9908EE8722}.Debug|iPhoneSimulator.ActiveCfg = Debug|Any CPU
		{AF244F9E-9D26-412C-82CE-1F9908EE8722}.Debug|iPhoneSimulator.Build.0 = Debug|Any CPU
		{AF244F9E-9D26-412C-82CE-1F9908EE8722}.Debug|iPhoneSimulator.Deploy.0 = Debug|Any CPU
		{AF244F9E-9D26-412C-82CE-1F9908EE8722}.Debug|x64.ActiveCfg = Debug|Any CPU
		{AF244F9E-9D26-412C-82CE-1F9908EE8722}.Debug|x64.Build.0 = Debug|Any CPU
		{AF244F9E-9D26-412C-82CE-1F9908EE8722}.Debug|x64.Deploy.0 = Debug|Any CPU
		{AF244F9E-9D26-412C-82CE-1F9908EE8722}.Debug|x86.ActiveCfg = Debug|Any CPU
		{AF244F9E-9D26-412C-82CE-1F9908EE8722}.Debug|x86.Build.0 = Debug|Any CPU
		{AF244F9E-9D26-412C-82CE-1F9908EE8722}.Debug|x86.Deploy.0 = Debug|Any CPU
		{AF244F9E-9D26-412C-82CE-1F9908EE8722}.Release|Any CPU.ActiveCfg = Release|Any CPU
		{AF244F9E-9D26-412C-82CE-1F9908EE8722}.Release|Any CPU.Build.0 = Release|Any CPU
		{AF244F9E-9D26-412C-82CE-1F9908EE8722}.Release|Any CPU.Deploy.0 = Release|Any CPU
		{AF244F9E-9D26-412C-82CE-1F9908EE8722}.Release|ARM.ActiveCfg = Release|Any CPU
		{AF244F9E-9D26-412C-82CE-1F9908EE8722}.Release|ARM.Build.0 = Release|Any CPU
		{AF244F9E-9D26-412C-82CE-1F9908EE8722}.Release|ARM.Deploy.0 = Release|Any CPU
		{AF244F9E-9D26-412C-82CE-1F9908EE8722}.Release|iPhone.ActiveCfg = Release|Any CPU
		{AF244F9E-9D26-412C-82CE-1F9908EE8722}.Release|iPhone.Build.0 = Release|Any CPU
		{AF244F9E-9D26-412C-82CE-1F9908EE8722}.Release|iPhone.Deploy.0 = Release|Any CPU
		{AF244F9E-9D26-412C-82CE-1F9908EE8722}.Release|iPhoneSimulator.ActiveCfg = Release|Any CPU
		{AF244F9E-9D26-412C-82CE-1F9908EE8722}.Release|iPhoneSimulator.Build.0 = Release|Any CPU
		{AF244F9E-9D26-412C-82CE-1F9908EE8722}.Release|iPhoneSimulator.Deploy.0 = Release|Any CPU
		{AF244F9E-9D26-412C-82CE-1F9908EE8722}.Release|x64.ActiveCfg = Release|Any CPU
		{AF244F9E-9D26-412C-82CE-1F9908EE8722}.Release|x64.Build.0 = Release|Any CPU
		{AF244F9E-9D26-412C-82CE-1F9908EE8722}.Release|x64.Deploy.0 = Release|Any CPU
		{AF244F9E-9D26-412C-82CE-1F9908EE8722}.Release|x86.ActiveCfg = Release|Any CPU
		{AF244F9E-9D26-412C-82CE-1F9908EE8722}.Release|x86.Build.0 = Release|Any CPU
		{AF244F9E-9D26-412C-82CE-1F9908EE8722}.Release|x86.Deploy.0 = Release|Any CPU
	EndGlobalSection
	GlobalSection(SolutionProperties) = preSolution
		HideSolutionNode = FALSE
	EndGlobalSection
	GlobalSection(ExtensibilityGlobals) = postSolution
		SolutionGuid = {075BDC87-3372-4415-A9E4-1B57AFCE2ADC}
	EndGlobalSection
EndGlobal
